// !$*UTF8*$!
{
	archiveVersion = 1;
	classes = {
	};
	objectVersion = 56;
	objects = {

/* Begin PBXBuildFile section */
		D90A9F772AF7118900F0D405 /* AppDelegate.swift in Sources */ = {isa = PBXBuildFile; fileRef = D90A9F762AF7118900F0D405 /* AppDelegate.swift */; };
		D90A9F792AF7118900F0D405 /* SceneDelegate.swift in Sources */ = {isa = PBXBuildFile; fileRef = D90A9F782AF7118900F0D405 /* SceneDelegate.swift */; };
		D90A9F802AF7118B00F0D405 /* Assets.xcassets in Resources */ = {isa = PBXBuildFile; fileRef = D90A9F7F2AF7118B00F0D405 /* Assets.xcassets */; };
		D90A9F832AF7118B00F0D405 /* LaunchScreen.storyboard in Resources */ = {isa = PBXBuildFile; fileRef = D90A9F812AF7118B00F0D405 /* LaunchScreen.storyboard */; };
		D90A9F8F2AF7158E00F0D405 /* PlatformsViewController.swift in Sources */ = {isa = PBXBuildFile; fileRef = D90A9F8E2AF7158E00F0D405 /* PlatformsViewController.swift */; };
		D9459B852B19A56800A70249 /* GamesByPlatformViewController.swift in Sources */ = {isa = PBXBuildFile; fileRef = D9459B842B19A56800A70249 /* GamesByPlatformViewController.swift */; };
		D99AE6F22B09B31B0072EB31 /* Platform.swift in Sources */ = {isa = PBXBuildFile; fileRef = D99AE6F12B09B31B0072EB31 /* Platform.swift */; };
		D99AE6F42B09B69E0072EB31 /* Game.swift in Sources */ = {isa = PBXBuildFile; fileRef = D99AE6F32B09B69E0072EB31 /* Game.swift */; };
		D99AE6F62B09BA160072EB31 /* Genre.swift in Sources */ = {isa = PBXBuildFile; fileRef = D99AE6F52B09BA160072EB31 /* Genre.swift */; };
		D99AE6F82B09BB2C0072EB31 /* Store.swift in Sources */ = {isa = PBXBuildFile; fileRef = D99AE6F72B09BB2C0072EB31 /* Store.swift */; };
		D99AE6FA2B09BC660072EB31 /* EsrbRating.swift in Sources */ = {isa = PBXBuildFile; fileRef = D99AE6F92B09BC660072EB31 /* EsrbRating.swift */; };
		D99AE6FC2B09BC8A0072EB31 /* ShortScreenshot.swift in Sources */ = {isa = PBXBuildFile; fileRef = D99AE6FB2B09BC8A0072EB31 /* ShortScreenshot.swift */; };
		D99AE6FE2B09C02C0072EB31 /* PlatformsCollectionViewCell.swift in Sources */ = {isa = PBXBuildFile; fileRef = D99AE6FD2B09C02C0072EB31 /* PlatformsCollectionViewCell.swift */; };
		D99AE7002B09C45C0072EB31 /* NetworkManager.swift in Sources */ = {isa = PBXBuildFile; fileRef = D99AE6FF2B09C45C0072EB31 /* NetworkManager.swift */; };
		D99AE7032B09CF430072EB31 /* PlatformsCollection.swift in Sources */ = {isa = PBXBuildFile; fileRef = D99AE7022B09CF430072EB31 /* PlatformsCollection.swift */; };
		D99AE7082B0D9DB00072EB31 /* ImageCacheManager.swift in Sources */ = {isa = PBXBuildFile; fileRef = D99AE7072B0D9DB00072EB31 /* ImageCacheManager.swift */; };
		D9B0BAF42B1C4232008D170A /* GamesCollection.swift in Sources */ = {isa = PBXBuildFile; fileRef = D9B0BAF32B1C4232008D170A /* GamesCollection.swift */; };
		D9B0BAF62B1C48C9008D170A /* GamesCollectionViewCell.swift in Sources */ = {isa = PBXBuildFile; fileRef = D9B0BAF52B1C48C9008D170A /* GamesCollectionViewCell.swift */; };
/* End PBXBuildFile section */

/* Begin PBXFileReference section */
		D90A9F732AF7118900F0D405 /* GameWorld.app */ = {isa = PBXFileReference; explicitFileType = wrapper.application; includeInIndex = 0; path = GameWorld.app; sourceTree = BUILT_PRODUCTS_DIR; };
		D90A9F762AF7118900F0D405 /* AppDelegate.swift */ = {isa = PBXFileReference; lastKnownFileType = sourcecode.swift; path = AppDelegate.swift; sourceTree = "<group>"; };
		D90A9F782AF7118900F0D405 /* SceneDelegate.swift */ = {isa = PBXFileReference; lastKnownFileType = sourcecode.swift; path = SceneDelegate.swift; sourceTree = "<group>"; };
		D90A9F7F2AF7118B00F0D405 /* Assets.xcassets */ = {isa = PBXFileReference; lastKnownFileType = folder.assetcatalog; path = Assets.xcassets; sourceTree = "<group>"; };
		D90A9F822AF7118B00F0D405 /* Base */ = {isa = PBXFileReference; lastKnownFileType = file.storyboard; name = Base; path = Base.lproj/LaunchScreen.storyboard; sourceTree = "<group>"; };
		D90A9F842AF7118B00F0D405 /* Info.plist */ = {isa = PBXFileReference; lastKnownFileType = text.plist.xml; path = Info.plist; sourceTree = "<group>"; };
		D90A9F8E2AF7158E00F0D405 /* PlatformsViewController.swift */ = {isa = PBXFileReference; lastKnownFileType = sourcecode.swift; path = PlatformsViewController.swift; sourceTree = "<group>"; };
		D9459B842B19A56800A70249 /* GamesByPlatformViewController.swift */ = {isa = PBXFileReference; lastKnownFileType = sourcecode.swift; path = GamesByPlatformViewController.swift; sourceTree = "<group>"; };
		D99AE6F12B09B31B0072EB31 /* Platform.swift */ = {isa = PBXFileReference; lastKnownFileType = sourcecode.swift; path = Platform.swift; sourceTree = "<group>"; };
		D99AE6F32B09B69E0072EB31 /* Game.swift */ = {isa = PBXFileReference; lastKnownFileType = sourcecode.swift; path = Game.swift; sourceTree = "<group>"; };
		D99AE6F52B09BA160072EB31 /* Genre.swift */ = {isa = PBXFileReference; lastKnownFileType = sourcecode.swift; path = Genre.swift; sourceTree = "<group>"; };
		D99AE6F72B09BB2C0072EB31 /* Store.swift */ = {isa = PBXFileReference; lastKnownFileType = sourcecode.swift; path = Store.swift; sourceTree = "<group>"; };
		D99AE6F92B09BC660072EB31 /* EsrbRating.swift */ = {isa = PBXFileReference; lastKnownFileType = sourcecode.swift; path = EsrbRating.swift; sourceTree = "<group>"; };
		D99AE6FB2B09BC8A0072EB31 /* ShortScreenshot.swift */ = {isa = PBXFileReference; lastKnownFileType = sourcecode.swift; path = ShortScreenshot.swift; sourceTree = "<group>"; };
		D99AE6FD2B09C02C0072EB31 /* PlatformsCollectionViewCell.swift */ = {isa = PBXFileReference; lastKnownFileType = sourcecode.swift; path = PlatformsCollectionViewCell.swift; sourceTree = "<group>"; };
		D99AE6FF2B09C45C0072EB31 /* NetworkManager.swift */ = {isa = PBXFileReference; lastKnownFileType = sourcecode.swift; path = NetworkManager.swift; sourceTree = "<group>"; };
		D99AE7022B09CF430072EB31 /* PlatformsCollection.swift */ = {isa = PBXFileReference; lastKnownFileType = sourcecode.swift; path = PlatformsCollection.swift; sourceTree = "<group>"; };
		D99AE7072B0D9DB00072EB31 /* ImageCacheManager.swift */ = {isa = PBXFileReference; lastKnownFileType = sourcecode.swift; path = ImageCacheManager.swift; sourceTree = "<group>"; };
		D9B0BAF32B1C4232008D170A /* GamesCollection.swift */ = {isa = PBXFileReference; lastKnownFileType = sourcecode.swift; path = GamesCollection.swift; sourceTree = "<group>"; };
		D9B0BAF52B1C48C9008D170A /* GamesCollectionViewCell.swift */ = {isa = PBXFileReference; lastKnownFileType = sourcecode.swift; path = GamesCollectionViewCell.swift; sourceTree = "<group>"; };
/* End PBXFileReference section */

/* Begin PBXFrameworksBuildPhase section */
		D90A9F702AF7118900F0D405 /* Frameworks */ = {
			isa = PBXFrameworksBuildPhase;
			buildActionMask = 2147483647;
			files = (
			);
			runOnlyForDeploymentPostprocessing = 0;
		};
/* End PBXFrameworksBuildPhase section */

/* Begin PBXGroup section */
		D90A9F6A2AF7118900F0D405 = {
			isa = PBXGroup;
			children = (
				D90A9F752AF7118900F0D405 /* GameWorld */,
				D90A9F742AF7118900F0D405 /* Products */,
			);
			sourceTree = "<group>";
		};
		D90A9F742AF7118900F0D405 /* Products */ = {
			isa = PBXGroup;
			children = (
				D90A9F732AF7118900F0D405 /* GameWorld.app */,
			);
			name = Products;
			sourceTree = "<group>";
		};
		D90A9F752AF7118900F0D405 /* GameWorld */ = {
			isa = PBXGroup;
			children = (
				D90A9F8A2AF711B900F0D405 /* App */,
				D90A9F8B2AF711C700F0D405 /* ViewControllers */,
				D90A9F8C2AF711D600F0D405 /* Storyboards */,
				D90A9F8D2AF711EC00F0D405 /* Resources */,
				D99AE6F02B09AD7D0072EB31 /* Models */,
				D99AE7012B09C4600072EB31 /* NetworkManager */,
				D99AE7092B0D9DBD0072EB31 /* Services */,
			);
			path = GameWorld;
			sourceTree = "<group>";
		};
		D90A9F8A2AF711B900F0D405 /* App */ = {
			isa = PBXGroup;
			children = (
				D90A9F762AF7118900F0D405 /* AppDelegate.swift */,
				D90A9F782AF7118900F0D405 /* SceneDelegate.swift */,
				D90A9F842AF7118B00F0D405 /* Info.plist */,
			);
			path = App;
			sourceTree = "<group>";
		};
		D90A9F8B2AF711C700F0D405 /* ViewControllers */ = {
			isa = PBXGroup;
			children = (
				D90A9F8E2AF7158E00F0D405 /* PlatformsViewController.swift */,
				D99AE6FD2B09C02C0072EB31 /* PlatformsCollectionViewCell.swift */,
				D9459B842B19A56800A70249 /* GamesByPlatformViewController.swift */,
				D9B0BAF52B1C48C9008D170A /* GamesCollectionViewCell.swift */,
			);
			path = ViewControllers;
			sourceTree = "<group>";
		};
		D90A9F8C2AF711D600F0D405 /* Storyboards */ = {
			isa = PBXGroup;
			children = (
				D90A9F812AF7118B00F0D405 /* LaunchScreen.storyboard */,
			);
			path = Storyboards;
			sourceTree = "<group>";
		};
		D90A9F8D2AF711EC00F0D405 /* Resources */ = {
			isa = PBXGroup;
			children = (
				D90A9F7F2AF7118B00F0D405 /* Assets.xcassets */,
			);
			path = Resources;
			sourceTree = "<group>";
		};
		D99AE6F02B09AD7D0072EB31 /* Models */ = {
			isa = PBXGroup;
			children = (
				D99AE7022B09CF430072EB31 /* PlatformsCollection.swift */,
				D9B0BAF32B1C4232008D170A /* GamesCollection.swift */,
				D99AE6F32B09B69E0072EB31 /* Game.swift */,
				D99AE6F12B09B31B0072EB31 /* Platform.swift */,
				D99AE6F52B09BA160072EB31 /* Genre.swift */,
				D99AE6F72B09BB2C0072EB31 /* Store.swift */,
				D99AE6F92B09BC660072EB31 /* EsrbRating.swift */,
				D99AE6FB2B09BC8A0072EB31 /* ShortScreenshot.swift */,
			);
			path = Models;
			sourceTree = "<group>";
		};
		D99AE7012B09C4600072EB31 /* NetworkManager */ = {
			isa = PBXGroup;
			children = (
				D99AE6FF2B09C45C0072EB31 /* NetworkManager.swift */,
			);
			path = NetworkManager;
			sourceTree = "<group>";
		};
		D99AE7092B0D9DBD0072EB31 /* Services */ = {
			isa = PBXGroup;
			children = (
				D99AE7072B0D9DB00072EB31 /* ImageCacheManager.swift */,
			);
			path = Services;
			sourceTree = "<group>";
		};
/* End PBXGroup section */

/* Begin PBXNativeTarget section */
		D90A9F722AF7118900F0D405 /* GameWorld */ = {
			isa = PBXNativeTarget;
			buildConfigurationList = D90A9F872AF7118B00F0D405 /* Build configuration list for PBXNativeTarget "GameWorld" */;
			buildPhases = (
				D90A9F6F2AF7118900F0D405 /* Sources */,
				D90A9F702AF7118900F0D405 /* Frameworks */,
				D90A9F712AF7118900F0D405 /* Resources */,
			);
			buildRules = (
			);
			dependencies = (
			);
			name = GameWorld;
			productName = GameWorld;
			productReference = D90A9F732AF7118900F0D405 /* GameWorld.app */;
			productType = "com.apple.product-type.application";
		};
/* End PBXNativeTarget section */

/* Begin PBXProject section */
		D90A9F6B2AF7118900F0D405 /* Project object */ = {
			isa = PBXProject;
			attributes = {
				BuildIndependentTargetsInParallel = 1;
				LastSwiftUpdateCheck = 1500;
				LastUpgradeCheck = 1500;
				TargetAttributes = {
					D90A9F722AF7118900F0D405 = {
						CreatedOnToolsVersion = 15.0.1;
					};
				};
			};
			buildConfigurationList = D90A9F6E2AF7118900F0D405 /* Build configuration list for PBXProject "GameWorld" */;
			compatibilityVersion = "Xcode 14.0";
			developmentRegion = en;
			hasScannedForEncodings = 0;
			knownRegions = (
				en,
				Base,
			);
			mainGroup = D90A9F6A2AF7118900F0D405;
			productRefGroup = D90A9F742AF7118900F0D405 /* Products */;
			projectDirPath = "";
			projectRoot = "";
			targets = (
				D90A9F722AF7118900F0D405 /* GameWorld */,
			);
		};
/* End PBXProject section */

/* Begin PBXResourcesBuildPhase section */
		D90A9F712AF7118900F0D405 /* Resources */ = {
			isa = PBXResourcesBuildPhase;
			buildActionMask = 2147483647;
			files = (
				D90A9F832AF7118B00F0D405 /* LaunchScreen.storyboard in Resources */,
				D90A9F802AF7118B00F0D405 /* Assets.xcassets in Resources */,
			);
			runOnlyForDeploymentPostprocessing = 0;
		};
/* End PBXResourcesBuildPhase section */

/* Begin PBXSourcesBuildPhase section */
		D90A9F6F2AF7118900F0D405 /* Sources */ = {
			isa = PBXSourcesBuildPhase;
			buildActionMask = 2147483647;
			files = (
				D99AE7002B09C45C0072EB31 /* NetworkManager.swift in Sources */,
				D99AE7032B09CF430072EB31 /* PlatformsCollection.swift in Sources */,
				D99AE6FA2B09BC660072EB31 /* EsrbRating.swift in Sources */,
				D99AE6F42B09B69E0072EB31 /* Game.swift in Sources */,
				D90A9F8F2AF7158E00F0D405 /* PlatformsViewController.swift in Sources */,
				D9B0BAF62B1C48C9008D170A /* GamesCollectionViewCell.swift in Sources */,
				D99AE6F82B09BB2C0072EB31 /* Store.swift in Sources */,
				D99AE6F22B09B31B0072EB31 /* Platform.swift in Sources */,
				D99AE6FC2B09BC8A0072EB31 /* ShortScreenshot.swift in Sources */,
				D99AE7082B0D9DB00072EB31 /* ImageCacheManager.swift in Sources */,
				D9B0BAF42B1C4232008D170A /* GamesCollection.swift in Sources */,
				D90A9F772AF7118900F0D405 /* AppDelegate.swift in Sources */,
				D99AE6FE2B09C02C0072EB31 /* PlatformsCollectionViewCell.swift in Sources */,
				D90A9F792AF7118900F0D405 /* SceneDelegate.swift in Sources */,
				D99AE6F62B09BA160072EB31 /* Genre.swift in Sources */,
				D9459B852B19A56800A70249 /* GamesByPlatformViewController.swift in Sources */,
			);
			runOnlyForDeploymentPostprocessing = 0;
		};
/* End PBXSourcesBuildPhase section */

/* Begin PBXVariantGroup section */
		D90A9F812AF7118B00F0D405 /* LaunchScreen.storyboard */ = {
			isa = PBXVariantGroup;
			children = (
				D90A9F822AF7118B00F0D405 /* Base */,
			);
			name = LaunchScreen.storyboard;
			sourceTree = "<group>";
		};
/* End PBXVariantGroup section */

/* Begin XCBuildConfiguration section */
		D90A9F852AF7118B00F0D405 /* Debug */ = {
			isa = XCBuildConfiguration;
			buildSettings = {
				ALWAYS_SEARCH_USER_PATHS = NO;
				ASSETCATALOG_COMPILER_GENERATE_SWIFT_ASSET_SYMBOL_EXTENSIONS = YES;
				CLANG_ANALYZER_NONNULL = YES;
				CLANG_ANALYZER_NUMBER_OBJECT_CONVERSION = YES_AGGRESSIVE;
				CLANG_CXX_LANGUAGE_STANDARD = "gnu++20";
				CLANG_ENABLE_MODULES = YES;
				CLANG_ENABLE_OBJC_ARC = YES;
				CLANG_ENABLE_OBJC_WEAK = YES;
				CLANG_WARN_BLOCK_CAPTURE_AUTORELEASING = YES;
				CLANG_WARN_BOOL_CONVERSION = YES;
				CLANG_WARN_COMMA = YES;
				CLANG_WARN_CONSTANT_CONVERSION = YES;
				CLANG_WARN_DEPRECATED_OBJC_IMPLEMENTATIONS = YES;
				CLANG_WARN_DIRECT_OBJC_ISA_USAGE = YES_ERROR;
				CLANG_WARN_DOCUMENTATION_COMMENTS = YES;
				CLANG_WARN_EMPTY_BODY = YES;
				CLANG_WARN_ENUM_CONVERSION = YES;
				CLANG_WARN_INFINITE_RECURSION = YES;
				CLANG_WARN_INT_CONVERSION = YES;
				CLANG_WARN_NON_LITERAL_NULL_CONVERSION = YES;
				CLANG_WARN_OBJC_IMPLICIT_RETAIN_SELF = YES;
				CLANG_WARN_OBJC_LITERAL_CONVERSION = YES;
				CLANG_WARN_OBJC_ROOT_CLASS = YES_ERROR;
				CLANG_WARN_QUOTED_INCLUDE_IN_FRAMEWORK_HEADER = YES;
				CLANG_WARN_RANGE_LOOP_ANALYSIS = YES;
				CLANG_WARN_STRICT_PROTOTYPES = YES;
				CLANG_WARN_SUSPICIOUS_MOVE = YES;
				CLANG_WARN_UNGUARDED_AVAILABILITY = YES_AGGRESSIVE;
				CLANG_WARN_UNREACHABLE_CODE = YES;
				CLANG_WARN__DUPLICATE_METHOD_MATCH = YES;
				COPY_PHASE_STRIP = NO;
				DEBUG_INFORMATION_FORMAT = dwarf;
				ENABLE_STRICT_OBJC_MSGSEND = YES;
				ENABLE_TESTABILITY = YES;
				ENABLE_USER_SCRIPT_SANDBOXING = YES;
				GCC_C_LANGUAGE_STANDARD = gnu17;
				GCC_DYNAMIC_NO_PIC = NO;
				GCC_NO_COMMON_BLOCKS = YES;
				GCC_OPTIMIZATION_LEVEL = 0;
				GCC_PREPROCESSOR_DEFINITIONS = (
					"DEBUG=1",
					"$(inherited)",
				);
				GCC_WARN_64_TO_32_BIT_CONVERSION = YES;
				GCC_WARN_ABOUT_RETURN_TYPE = YES_ERROR;
				GCC_WARN_UNDECLARED_SELECTOR = YES;
				GCC_WARN_UNINITIALIZED_AUTOS = YES_AGGRESSIVE;
				GCC_WARN_UNUSED_FUNCTION = YES;
				GCC_WARN_UNUSED_VARIABLE = YES;
				IPHONEOS_DEPLOYMENT_TARGET = 17.0;
				LOCALIZATION_PREFERS_STRING_CATALOGS = YES;
				MTL_ENABLE_DEBUG_INFO = INCLUDE_SOURCE;
				MTL_FAST_MATH = YES;
				ONLY_ACTIVE_ARCH = YES;
				SDKROOT = iphoneos;
				SWIFT_ACTIVE_COMPILATION_CONDITIONS = "DEBUG $(inherited)";
				SWIFT_OPTIMIZATION_LEVEL = "-Onone";
			};
			name = Debug;
		};
		D90A9F862AF7118B00F0D405 /* Release */ = {
			isa = XCBuildConfiguration;
			buildSettings = {
				ALWAYS_SEARCH_USER_PATHS = NO;
				ASSETCATALOG_COMPILER_GENERATE_SWIFT_ASSET_SYMBOL_EXTENSIONS = YES;
				CLANG_ANALYZER_NONNULL = YES;
				CLANG_ANALYZER_NUMBER_OBJECT_CONVERSION = YES_AGGRESSIVE;
				CLANG_CXX_LANGUAGE_STANDARD = "gnu++20";
				CLANG_ENABLE_MODULES = YES;
				CLANG_ENABLE_OBJC_ARC = YES;
				CLANG_ENABLE_OBJC_WEAK = YES;
				CLANG_WARN_BLOCK_CAPTURE_AUTORELEASING = YES;
				CLANG_WARN_BOOL_CONVERSION = YES;
				CLANG_WARN_COMMA = YES;
				CLANG_WARN_CONSTANT_CONVERSION = YES;
				CLANG_WARN_DEPRECATED_OBJC_IMPLEMENTATIONS = YES;
				CLANG_WARN_DIRECT_OBJC_ISA_USAGE = YES_ERROR;
				CLANG_WARN_DOCUMENTATION_COMMENTS = YES;
				CLANG_WARN_EMPTY_BODY = YES;
				CLANG_WARN_ENUM_CONVERSION = YES;
				CLANG_WARN_INFINITE_RECURSION = YES;
				CLANG_WARN_INT_CONVERSION = YES;
				CLANG_WARN_NON_LITERAL_NULL_CONVERSION = YES;
				CLANG_WARN_OBJC_IMPLICIT_RETAIN_SELF = YES;
				CLANG_WARN_OBJC_LITERAL_CONVERSION = YES;
				CLANG_WARN_OBJC_ROOT_CLASS = YES_ERROR;
				CLANG_WARN_QUOTED_INCLUDE_IN_FRAMEWORK_HEADER = YES;
				CLANG_WARN_RANGE_LOOP_ANALYSIS = YES;
				CLANG_WARN_STRICT_PROTOTYPES = YES;
				CLANG_WARN_SUSPICIOUS_MOVE = YES;
				CLANG_WARN_UNGUARDED_AVAILABILITY = YES_AGGRESSIVE;
				CLANG_WARN_UNREACHABLE_CODE = YES;
				CLANG_WARN__DUPLICATE_METHOD_MATCH = YES;
				COPY_PHASE_STRIP = NO;
				DEBUG_INFORMATION_FORMAT = "dwarf-with-dsym";
				ENABLE_NS_ASSERTIONS = NO;
				ENABLE_STRICT_OBJC_MSGSEND = YES;
				ENABLE_USER_SCRIPT_SANDBOXING = YES;
				GCC_C_LANGUAGE_STANDARD = gnu17;
				GCC_NO_COMMON_BLOCKS = YES;
				GCC_WARN_64_TO_32_BIT_CONVERSION = YES;
				GCC_WARN_ABOUT_RETURN_TYPE = YES_ERROR;
				GCC_WARN_UNDECLARED_SELECTOR = YES;
				GCC_WARN_UNINITIALIZED_AUTOS = YES_AGGRESSIVE;
				GCC_WARN_UNUSED_FUNCTION = YES;
				GCC_WARN_UNUSED_VARIABLE = YES;
				IPHONEOS_DEPLOYMENT_TARGET = 17.0;
				LOCALIZATION_PREFERS_STRING_CATALOGS = YES;
				MTL_ENABLE_DEBUG_INFO = NO;
				MTL_FAST_MATH = YES;
				SDKROOT = iphoneos;
				SWIFT_COMPILATION_MODE = wholemodule;
				VALIDATE_PRODUCT = YES;
			};
			name = Release;
		};
		D90A9F882AF7118B00F0D405 /* Debug */ = {
			isa = XCBuildConfiguration;
			buildSettings = {
				ASSETCATALOG_COMPILER_APPICON_NAME = AppIcon;
				ASSETCATALOG_COMPILER_GLOBAL_ACCENT_COLOR_NAME = AccentColor;
				CODE_SIGN_STYLE = Automatic;
				CURRENT_PROJECT_VERSION = 1;
				DEVELOPMENT_TEAM = NTDP5U69GA;
				GENERATE_INFOPLIST_FILE = YES;
				INFOPLIST_FILE = GameWorld/App/Info.plist;
				INFOPLIST_KEY_UIApplicationSupportsIndirectInputEvents = YES;
				INFOPLIST_KEY_UILaunchStoryboardName = LaunchScreen;
				INFOPLIST_KEY_UISupportedInterfaceOrientations = UIInterfaceOrientationPortrait;
				INFOPLIST_KEY_UISupportedInterfaceOrientations_iPad = "UIInterfaceOrientationLandscapeLeft UIInterfaceOrientationLandscapeRight UIInterfaceOrientationPortrait UIInterfaceOrientationPortraitUpsideDown";
				LD_RUNPATH_SEARCH_PATHS = (
					"$(inherited)",
					"@executable_path/Frameworks",
				);
				MARKETING_VERSION = 1.0;
				PRODUCT_BUNDLE_IDENTIFIER = ru.arseniy.GameWorld;
				PRODUCT_NAME = "$(TARGET_NAME)";
				SUPPORTED_PLATFORMS = "iphoneos iphonesimulator";
				SUPPORTS_MACCATALYST = NO;
				SUPPORTS_MAC_DESIGNED_FOR_IPHONE_IPAD = NO;
				SWIFT_EMIT_LOC_STRINGS = YES;
				SWIFT_VERSION = 5.0;
				TARGETED_DEVICE_FAMILY = 1;
			};
			name = Debug;
		};
		D90A9F892AF7118B00F0D405 /* Release */ = {
			isa = XCBuildConfiguration;
			buildSettings = {
				ASSETCATALOG_COMPILER_APPICON_NAME = AppIcon;
				ASSETCATALOG_COMPILER_GLOBAL_ACCENT_COLOR_NAME = AccentColor;
				CODE_SIGN_STYLE = Automatic;
				CURRENT_PROJECT_VERSION = 1;
				DEVELOPMENT_TEAM = NTDP5U69GA;
				GENERATE_INFOPLIST_FILE = YES;
				INFOPLIST_FILE = GameWorld/App/Info.plist;
				INFOPLIST_KEY_UIApplicationSupportsIndirectInputEvents = YES;
				INFOPLIST_KEY_UILaunchStoryboardName = LaunchScreen;
				INFOPLIST_KEY_UISupportedInterfaceOrientations = UIInterfaceOrientationPortrait;
				INFOPLIST_KEY_UISupportedInterfaceOrientations_iPad = "UIInterfaceOrientationLandscapeLeft UIInterfaceOrientationLandscapeRight UIInterfaceOrientationPortrait UIInterfaceOrientationPortraitUpsideDown";
				LD_RUNPATH_SEARCH_PATHS = (
					"$(inherited)",
					"@executable_path/Frameworks",
				);
				MARKETING_VERSION = 1.0;
				PRODUCT_BUNDLE_IDENTIFIER = ru.arseniy.GameWorld;
				PRODUCT_NAME = "$(TARGET_NAME)";
				SUPPORTED_PLATFORMS = "iphoneos iphonesimulator";
				SUPPORTS_MACCATALYST = NO;
				SUPPORTS_MAC_DESIGNED_FOR_IPHONE_IPAD = NO;
				SWIFT_EMIT_LOC_STRINGS = YES;
				SWIFT_VERSION = 5.0;
				TARGETED_DEVICE_FAMILY = 1;
			};
			name = Release;
		};
/* End XCBuildConfiguration section */

/* Begin XCConfigurationList section */
		D90A9F6E2AF7118900F0D405 /* Build configuration list for PBXProject "GameWorld" */ = {
			isa = XCConfigurationList;
			buildConfigurations = (
				D90A9F852AF7118B00F0D405 /* Debug */,
				D90A9F862AF7118B00F0D405 /* Release */,
			);
			defaultConfigurationIsVisible = 0;
			defaultConfigurationName = Release;
		};
		D90A9F872AF7118B00F0D405 /* Build configuration list for PBXNativeTarget "GameWorld" */ = {
			isa = XCConfigurationList;
			buildConfigurations = (
				D90A9F882AF7118B00F0D405 /* Debug */,
				D90A9F892AF7118B00F0D405 /* Release */,
			);
			defaultConfigurationIsVisible = 0;
			defaultConfigurationName = Release;
		};
/* End XCConfigurationList section */
	};
	rootObject = D90A9F6B2AF7118900F0D405 /* Project object */;
}
